
Microsoft Visual Studio Solution File, Format Version 12.00
# Visual Studio Version 17
VisualStudioVersion = 17.1.32421.90
MinimumVisualStudioVersion = 10.0.40219.1
Project("{FAE04EC0-301F-11D3-BF4B-00C04F79EFBC}") = "mtg_app", "mtg_app\mtg_app.csproj", "{BB1C4E78-980D-41A1-97AD-8EBECB461EA5}"
EndProject
Project("{FAE04EC0-301F-11D3-BF4B-00C04F79EFBC}") = "mtg_lib", "mtg_lib\mtg_lib.csproj", "{3E63F701-7001-40F6-9B25-3C5928B6BF81}"
EndProject
Global
	GlobalSection(SolutionConfigurationPlatforms) = preSolution
		Debug|Any CPU = Debug|Any CPU
		Release|Any CPU = Release|Any CPU
	EndGlobalSection
	GlobalSection(ProjectConfigurationPlatforms) = postSolution
		{BB1C4E78-980D-41A1-97AD-8EBECB461EA5}.Debug|Any CPU.ActiveCfg = Debug|Any CPU
		{BB1C4E78-980D-41A1-97AD-8EBECB461EA5}.Debug|Any CPU.Build.0 = Debug|Any CPU
		{BB1C4E78-980D-41A1-97AD-8EBECB461EA5}.Release|Any CPU.ActiveCfg = Release|Any CPU
		{BB1C4E78-980D-41A1-97AD-8EBECB461EA5}.Release|Any CPU.Build.0 = Release|Any CPU
		{3E63F701-7001-40F6-9B25-3C5928B6BF81}.Debug|Any CPU.ActiveCfg = Debug|Any CPU
		{3E63F701-7001-40F6-9B25-3C5928B6BF81}.Debug|Any CPU.Build.0 = Debug|Any CPU
		{3E63F701-7001-40F6-9B25-3C5928B6BF81}.Release|Any CPU.ActiveCfg = Release|Any CPU
		{3E63F701-7001-40F6-9B25-3C5928B6BF81}.Release|Any CPU.Build.0 = Release|Any CPU
	EndGlobalSection
	GlobalSection(SolutionProperties) = preSolution
		HideSolutionNode = FALSE
	EndGlobalSection
	GlobalSection(ExtensibilityGlobals) = postSolution
		SolutionGuid = {83730CCE-1F58-4973-B3D7-DCDA38BFD3D8}
	EndGlobalSection
EndGlobal
